
Microsoft Visual Studio Solution File, Format Version 12.00
# Visual Studio Version 16
VisualStudioVersion = 16.0.30907.101
MinimumVisualStudioVersion = 10.0.40219.1
Project("{FAE04EC0-301F-11D3-BF4B-00C04F79EFBC}") = "Minesweeper", "Minesweeper\Minesweeper.csproj", "{EB7B4262-573A-4654-821D-ADC75D113881}"
EndProject
Global
	GlobalSection(SolutionConfigurationPlatforms) = preSolution
		Debug|Any CPU = Debug|Any CPU
		Release|Any CPU = Release|Any CPU
	EndGlobalSection
	GlobalSection(ProjectConfigurationPlatforms) = postSolution
		{EB7B4262-573A-4654-821D-ADC75D113881}.Debug|Any CPU.ActiveCfg = Debug|Any CPU
		{EB7B4262-573A-4654-821D-ADC75D113881}.Debug|Any CPU.Build.0 = Debug|Any CPU
		{EB7B4262-573A-4654-821D-ADC75D113881}.Release|Any CPU.ActiveCfg = Release|Any CPU
		{EB7B4262-573A-4654-821D-ADC75D113881}.Release|Any CPU.Build.0 = Release|Any CPU
	EndGlobalSection
	GlobalSection(SolutionProperties) = preSolution
		HideSolutionNode = FALSE
	EndGlobalSection
	GlobalSection(ExtensibilityGlobals) = postSolution
		SolutionGuid = {133E37E2-0560-45C7-B9C5-D852DA475F06}
	EndGlobalSection
EndGlobal
